
Microsoft Visual Studio Solution File, Format Version 12.00
# Visual Studio Version 17
VisualStudioVersion = 17.0.31903.59
MinimumVisualStudioVersion = 10.0.40219.1
Project("{FAE04EC0-301F-11D3-BF4B-00C04F79EFBC}") = "Identity.Api", "Identity.Api\Identity.Api.csproj", "{97B6641B-5C33-4913-B403-74536F8AF5C6}"
EndProject
Project("{FAE04EC0-301F-11D3-BF4B-00C04F79EFBC}") = "Identity.Domain", "Identity.Domain\Identity.Domain.csproj", "{104DB949-988A-410F-B8B3-79707D3B8A64}"
EndProject
Project("{FAE04EC0-301F-11D3-BF4B-00C04F79EFBC}") = "Identity.Application", "Identity.Application\Identity.Application.csproj", "{C652AC74-B3A4-4382-A55F-7AE7414B451F}"
	ProjectSection(ProjectDependencies) = postProject
		{9B01CC92-5967-4772-9E67-AA417B955272} = {9B01CC92-5967-4772-9E67-AA417B955272}
	EndProjectSection
EndProject
Project("{FAE04EC0-301F-11D3-BF4B-00C04F79EFBC}") = "Identity.Infrastructure", "Identity.Infrastructure\Identity.Infrastructure.csproj", "{9B01CC92-5967-4772-9E67-AA417B955272}"
EndProject
Global
	GlobalSection(SolutionConfigurationPlatforms) = preSolution
		Debug|Any CPU = Debug|Any CPU
		Release|Any CPU = Release|Any CPU
	EndGlobalSection
	GlobalSection(ProjectConfigurationPlatforms) = postSolution
		{97B6641B-5C33-4913-B403-74536F8AF5C6}.Debug|Any CPU.ActiveCfg = Debug|Any CPU
		{97B6641B-5C33-4913-B403-74536F8AF5C6}.Debug|Any CPU.Build.0 = Debug|Any CPU
		{97B6641B-5C33-4913-B403-74536F8AF5C6}.Release|Any CPU.ActiveCfg = Release|Any CPU
		{97B6641B-5C33-4913-B403-74536F8AF5C6}.Release|Any CPU.Build.0 = Release|Any CPU
		{104DB949-988A-410F-B8B3-79707D3B8A64}.Debug|Any CPU.ActiveCfg = Debug|Any CPU
		{104DB949-988A-410F-B8B3-79707D3B8A64}.Debug|Any CPU.Build.0 = Debug|Any CPU
		{104DB949-988A-410F-B8B3-79707D3B8A64}.Release|Any CPU.ActiveCfg = Release|Any CPU
		{104DB949-988A-410F-B8B3-79707D3B8A64}.Release|Any CPU.Build.0 = Release|Any CPU
		{C652AC74-B3A4-4382-A55F-7AE7414B451F}.Debug|Any CPU.ActiveCfg = Debug|Any CPU
		{C652AC74-B3A4-4382-A55F-7AE7414B451F}.Debug|Any CPU.Build.0 = Debug|Any CPU
		{C652AC74-B3A4-4382-A55F-7AE7414B451F}.Release|Any CPU.ActiveCfg = Release|Any CPU
		{C652AC74-B3A4-4382-A55F-7AE7414B451F}.Release|Any CPU.Build.0 = Release|Any CPU
		{9B01CC92-5967-4772-9E67-AA417B955272}.Debug|Any CPU.ActiveCfg = Debug|Any CPU
		{9B01CC92-5967-4772-9E67-AA417B955272}.Debug|Any CPU.Build.0 = Debug|Any CPU
		{9B01CC92-5967-4772-9E67-AA417B955272}.Release|Any CPU.ActiveCfg = Release|Any CPU
		{9B01CC92-5967-4772-9E67-AA417B955272}.Release|Any CPU.Build.0 = Release|Any CPU
	EndGlobalSection
	GlobalSection(SolutionProperties) = preSolution
		HideSolutionNode = FALSE
	EndGlobalSection
EndGlobal
